
Microsoft Visual Studio Solution File, Format Version 12.00
# Visual Studio Version 16
VisualStudioVersion = 16.0.31025.194
MinimumVisualStudioVersion = 10.0.40219.1
Project("{FAE04EC0-301F-11D3-BF4B-00C04F79EFBC}") = "tariTaxiApi", "tariTaxiApi\tariTaxiApi.csproj", "{42760F1E-3609-410A-A528-26192D788B1D}"
EndProject
Global
	GlobalSection(SolutionConfigurationPlatforms) = preSolution
		Debug|Any CPU = Debug|Any CPU
		Release|Any CPU = Release|Any CPU
	EndGlobalSection
	GlobalSection(ProjectConfigurationPlatforms) = postSolution
		{42760F1E-3609-410A-A528-26192D788B1D}.Debug|Any CPU.ActiveCfg = Debug|Any CPU
		{42760F1E-3609-410A-A528-26192D788B1D}.Debug|Any CPU.Build.0 = Debug|Any CPU
		{42760F1E-3609-410A-A528-26192D788B1D}.Release|Any CPU.ActiveCfg = Release|Any CPU
		{42760F1E-3609-410A-A528-26192D788B1D}.Release|Any CPU.Build.0 = Release|Any CPU
	EndGlobalSection
	GlobalSection(SolutionProperties) = preSolution
		HideSolutionNode = FALSE
	EndGlobalSection
	GlobalSection(ExtensibilityGlobals) = postSolution
		SolutionGuid = {072B17EF-614B-477B-BBE5-B103A6E240D5}
	EndGlobalSection
EndGlobal
